
Microsoft Visual Studio Solution File, Format Version 12.00
# Visual Studio 15
Project("{FAE04EC0-301F-11D3-BF4B-00C04F79EFBC}") = "Assembly-CSharp", "Assembly-CSharp.csproj", "{1167BE27-8824-8982-1E00-D8C39307FE97}"
EndProject
Project("{FAE04EC0-301F-11D3-BF4B-00C04F79EFBC}") = "Assembly-CSharp-Editor", "Assembly-CSharp-Editor.csproj", "{8062B825-A3D9-3A2C-38E7-0ABC89F38A7E}"
EndProject
Global
	GlobalSection(SolutionConfigurationPlatforms) = preSolution
		Debug|Any CPU = Debug|Any CPU
		Release|Any CPU = Release|Any CPU
	EndGlobalSection
	GlobalSection(ProjectConfigurationPlatforms) = postSolution
		{1167BE27-8824-8982-1E00-D8C39307FE97}.Debug|Any CPU.ActiveCfg = Debug|Any CPU
		{1167BE27-8824-8982-1E00-D8C39307FE97}.Debug|Any CPU.Build.0 = Debug|Any CPU
		{1167BE27-8824-8982-1E00-D8C39307FE97}.Release|Any CPU.ActiveCfg = Release|Any CPU
		{1167BE27-8824-8982-1E00-D8C39307FE97}.Release|Any CPU.Build.0 = Release|Any CPU
		{8062B825-A3D9-3A2C-38E7-0ABC89F38A7E}.Debug|Any CPU.ActiveCfg = Debug|Any CPU
		{8062B825-A3D9-3A2C-38E7-0ABC89F38A7E}.Debug|Any CPU.Build.0 = Debug|Any CPU
		{8062B825-A3D9-3A2C-38E7-0ABC89F38A7E}.Release|Any CPU.ActiveCfg = Release|Any CPU
		{8062B825-A3D9-3A2C-38E7-0ABC89F38A7E}.Release|Any CPU.Build.0 = Release|Any CPU
	EndGlobalSection
	GlobalSection(SolutionProperties) = preSolution
		HideSolutionNode = FALSE
	EndGlobalSection
EndGlobal
